
Microsoft Visual Studio Solution File, Format Version 12.00
# Visual Studio Version 16
VisualStudioVersion = 16.0.31911.196
MinimumVisualStudioVersion = 10.0.40219.1
Project("{9A19103F-16F7-4668-BE54-9A1E7A4F7556}") = "SuperString", "SuperString\SuperString.csproj", "{4BB6433B-E9AA-44FF-9FC3-3D090ACCB39B}"
EndProject
Project("{FAE04EC0-301F-11D3-BF4B-00C04F79EFBC}") = "SuperString.Tests", "SuperString.Tests\SuperString.Tests.csproj", "{6DC86231-03B9-4829-BBB0-FF94A675973D}"
EndProject
Global
	GlobalSection(SolutionConfigurationPlatforms) = preSolution
		Debug|Any CPU = Debug|Any CPU
		Release|Any CPU = Release|Any CPU
	EndGlobalSection
	GlobalSection(ProjectConfigurationPlatforms) = postSolution
		{4BB6433B-E9AA-44FF-9FC3-3D090ACCB39B}.Debug|Any CPU.ActiveCfg = Debug|Any CPU
		{4BB6433B-E9AA-44FF-9FC3-3D090ACCB39B}.Debug|Any CPU.Build.0 = Debug|Any CPU
		{4BB6433B-E9AA-44FF-9FC3-3D090ACCB39B}.Release|Any CPU.ActiveCfg = Release|Any CPU
		{4BB6433B-E9AA-44FF-9FC3-3D090ACCB39B}.Release|Any CPU.Build.0 = Release|Any CPU
		{6DC86231-03B9-4829-BBB0-FF94A675973D}.Debug|Any CPU.ActiveCfg = Debug|Any CPU
		{6DC86231-03B9-4829-BBB0-FF94A675973D}.Debug|Any CPU.Build.0 = Debug|Any CPU
		{6DC86231-03B9-4829-BBB0-FF94A675973D}.Release|Any CPU.ActiveCfg = Release|Any CPU
		{6DC86231-03B9-4829-BBB0-FF94A675973D}.Release|Any CPU.Build.0 = Release|Any CPU
	EndGlobalSection
	GlobalSection(SolutionProperties) = preSolution
		HideSolutionNode = FALSE
	EndGlobalSection
	GlobalSection(ExtensibilityGlobals) = postSolution
		SolutionGuid = {04056419-E164-43DE-A632-98478E041DFD}
	EndGlobalSection
EndGlobal
